// !$*UTF8*$!
{
	archiveVersion = 1;
	classes = {
	};
	objectVersion = 50;
	objects = {

/* Begin PBXBuildFile section */
		D4C0351C74EF2FDE149208B1 /* libPods-NewsAppMVVM.a in Frameworks */ = {isa = PBXBuildFile; fileRef = 2799D2BDC6144F66D277ACE7 /* libPods-NewsAppMVVM.a */; };
		D83623C22381707E006807BF /* AppDelegate.swift in Sources */ = {isa = PBXBuildFile; fileRef = D83623C12381707E006807BF /* AppDelegate.swift */; };
		D83623C42381707E006807BF /* SceneDelegate.swift in Sources */ = {isa = PBXBuildFile; fileRef = D83623C32381707E006807BF /* SceneDelegate.swift */; };
		D83623C62381707E006807BF /* SourcesView.swift in Sources */ = {isa = PBXBuildFile; fileRef = D83623C52381707E006807BF /* SourcesView.swift */; };
		D83623C823817083006807BF /* Assets.xcassets in Resources */ = {isa = PBXBuildFile; fileRef = D83623C723817083006807BF /* Assets.xcassets */; };
		D83623CB23817083006807BF /* Preview Assets.xcassets in Resources */ = {isa = PBXBuildFile; fileRef = D83623CA23817083006807BF /* Preview Assets.xcassets */; };
		D83623CE23817084006807BF /* LaunchScreen.storyboard in Resources */ = {isa = PBXBuildFile; fileRef = D83623CC23817084006807BF /* LaunchScreen.storyboard */; };
		D8AB3ADF2381772600180A43 /* APIManager.swift in Sources */ = {isa = PBXBuildFile; fileRef = D8AB3ADE2381772600180A43 /* APIManager.swift */; };
		D8AB3AE22381777E00180A43 /* Article.swift in Sources */ = {isa = PBXBuildFile; fileRef = D8AB3AE12381777E00180A43 /* Article.swift */; };
		D8AB3AE42381778800180A43 /* Sources.swift in Sources */ = {isa = PBXBuildFile; fileRef = D8AB3AE32381778800180A43 /* Sources.swift */; };
		D8AB3AEA23817D2B00180A43 /* SourcesViewModel.swift in Sources */ = {isa = PBXBuildFile; fileRef = D8AB3AE923817D2B00180A43 /* SourcesViewModel.swift */; };
		D8AB3AEC2381808700180A43 /* SourcesListViewModel.swift in Sources */ = {isa = PBXBuildFile; fileRef = D8AB3AEB2381808700180A43 /* SourcesListViewModel.swift */; };
		D8D4F43F238582BC001825FE /* ActivityIndicator.swift in Sources */ = {isa = PBXBuildFile; fileRef = D8D4F43E238582BC001825FE /* ActivityIndicator.swift */; };
		D8D4F441238583CA001825FE /* ActivityIndicatorView.swift in Sources */ = {isa = PBXBuildFile; fileRef = D8D4F440238583CA001825FE /* ActivityIndicatorView.swift */; };
/* End PBXBuildFile section */

/* Begin PBXFileReference section */
		2799D2BDC6144F66D277ACE7 /* libPods-NewsAppMVVM.a */ = {isa = PBXFileReference; explicitFileType = archive.ar; includeInIndex = 0; path = "libPods-NewsAppMVVM.a"; sourceTree = BUILT_PRODUCTS_DIR; };
		9CB6541A840098DCB6B4C128 /* Pods-NewsAppMVVM.debug.xcconfig */ = {isa = PBXFileReference; includeInIndex = 1; lastKnownFileType = text.xcconfig; name = "Pods-NewsAppMVVM.debug.xcconfig"; path = "Target Support Files/Pods-NewsAppMVVM/Pods-NewsAppMVVM.debug.xcconfig"; sourceTree = "<group>"; };
		BE945BBD857841CE0F76F790 /* Pods-NewsAppMVVM.release.xcconfig */ = {isa = PBXFileReference; includeInIndex = 1; lastKnownFileType = text.xcconfig; name = "Pods-NewsAppMVVM.release.xcconfig"; path = "Target Support Files/Pods-NewsAppMVVM/Pods-NewsAppMVVM.release.xcconfig"; sourceTree = "<group>"; };
		D83623BE2381707E006807BF /* NewsAppMVVM.app */ = {isa = PBXFileReference; explicitFileType = wrapper.application; includeInIndex = 0; path = NewsAppMVVM.app; sourceTree = BUILT_PRODUCTS_DIR; };
		D83623C12381707E006807BF /* AppDelegate.swift */ = {isa = PBXFileReference; lastKnownFileType = sourcecode.swift; path = AppDelegate.swift; sourceTree = "<group>"; };
		D83623C32381707E006807BF /* SceneDelegate.swift */ = {isa = PBXFileReference; lastKnownFileType = sourcecode.swift; path = SceneDelegate.swift; sourceTree = "<group>"; };
		D83623C52381707E006807BF /* SourcesView.swift */ = {isa = PBXFileReference; lastKnownFileType = sourcecode.swift; path = SourcesView.swift; sourceTree = "<group>"; };
		D83623C723817083006807BF /* Assets.xcassets */ = {isa = PBXFileReference; lastKnownFileType = folder.assetcatalog; path = Assets.xcassets; sourceTree = "<group>"; };
		D83623CA23817083006807BF /* Preview Assets.xcassets */ = {isa = PBXFileReference; lastKnownFileType = folder.assetcatalog; path = "Preview Assets.xcassets"; sourceTree = "<group>"; };
		D83623CD23817084006807BF /* Base */ = {isa = PBXFileReference; lastKnownFileType = file.storyboard; name = Base; path = Base.lproj/LaunchScreen.storyboard; sourceTree = "<group>"; };
		D83623CF23817084006807BF /* Info.plist */ = {isa = PBXFileReference; lastKnownFileType = text.plist.xml; path = Info.plist; sourceTree = "<group>"; };
		D8AB3ADE2381772600180A43 /* APIManager.swift */ = {isa = PBXFileReference; lastKnownFileType = sourcecode.swift; path = APIManager.swift; sourceTree = "<group>"; };
		D8AB3AE12381777E00180A43 /* Article.swift */ = {isa = PBXFileReference; lastKnownFileType = sourcecode.swift; path = Article.swift; sourceTree = "<group>"; };
		D8AB3AE32381778800180A43 /* Sources.swift */ = {isa = PBXFileReference; lastKnownFileType = sourcecode.swift; path = Sources.swift; sourceTree = "<group>"; };
		D8AB3AE923817D2B00180A43 /* SourcesViewModel.swift */ = {isa = PBXFileReference; lastKnownFileType = sourcecode.swift; path = SourcesViewModel.swift; sourceTree = "<group>"; };
		D8AB3AEB2381808700180A43 /* SourcesListViewModel.swift */ = {isa = PBXFileReference; lastKnownFileType = sourcecode.swift; path = SourcesListViewModel.swift; sourceTree = "<group>"; };
		D8D4F43E238582BC001825FE /* ActivityIndicator.swift */ = {isa = PBXFileReference; lastKnownFileType = sourcecode.swift; path = ActivityIndicator.swift; sourceTree = "<group>"; };
		D8D4F440238583CA001825FE /* ActivityIndicatorView.swift */ = {isa = PBXFileReference; lastKnownFileType = sourcecode.swift; path = ActivityIndicatorView.swift; sourceTree = "<group>"; };
/* End PBXFileReference section */

/* Begin PBXFrameworksBuildPhase section */
		D83623BB2381707E006807BF /* Frameworks */ = {
			isa = PBXFrameworksBuildPhase;
			buildActionMask = 2147483647;
			files = (
				D4C0351C74EF2FDE149208B1 /* libPods-NewsAppMVVM.a in Frameworks */,
			);
			runOnlyForDeploymentPostprocessing = 0;
		};
/* End PBXFrameworksBuildPhase section */

/* Begin PBXGroup section */
		231E327268EAB3B4BFD6CFB4 /* Pods */ = {
			isa = PBXGroup;
			children = (
				9CB6541A840098DCB6B4C128 /* Pods-NewsAppMVVM.debug.xcconfig */,
				BE945BBD857841CE0F76F790 /* Pods-NewsAppMVVM.release.xcconfig */,
			);
			path = Pods;
			sourceTree = "<group>";
		};
		899E30E86DA5653F62C2B404 /* Frameworks */ = {
			isa = PBXGroup;
			children = (
				2799D2BDC6144F66D277ACE7 /* libPods-NewsAppMVVM.a */,
			);
			name = Frameworks;
			sourceTree = "<group>";
		};
		D83623B52381707E006807BF = {
			isa = PBXGroup;
			children = (
				D83623C02381707E006807BF /* NewsAppMVVM */,
				D83623BF2381707E006807BF /* Products */,
				231E327268EAB3B4BFD6CFB4 /* Pods */,
				899E30E86DA5653F62C2B404 /* Frameworks */,
			);
			sourceTree = "<group>";
		};
		D83623BF2381707E006807BF /* Products */ = {
			isa = PBXGroup;
			children = (
				D83623BE2381707E006807BF /* NewsAppMVVM.app */,
			);
			name = Products;
			sourceTree = "<group>";
		};
		D83623C02381707E006807BF /* NewsAppMVVM */ = {
			isa = PBXGroup;
			children = (
				D8D4F43D238582A1001825FE /* UIViewRepresentable */,
				D8AB3AE523817C8400180A43 /* Views */,
				D8AB3AE02381777300180A43 /* Entities */,
				D8AB3ADD2381770D00180A43 /* Networking */,
				D83623C12381707E006807BF /* AppDelegate.swift */,
				D83623C32381707E006807BF /* SceneDelegate.swift */,
				D83623C723817083006807BF /* Assets.xcassets */,
				D83623CC23817084006807BF /* LaunchScreen.storyboard */,
				D83623CF23817084006807BF /* Info.plist */,
				D83623C923817083006807BF /* Preview Content */,
			);
			path = NewsAppMVVM;
			sourceTree = "<group>";
		};
		D83623C923817083006807BF /* Preview Content */ = {
			isa = PBXGroup;
			children = (
				D83623CA23817083006807BF /* Preview Assets.xcassets */,
			);
			path = "Preview Content";
			sourceTree = "<group>";
		};
		D8AB3ADD2381770D00180A43 /* Networking */ = {
			isa = PBXGroup;
			children = (
				D8AB3ADE2381772600180A43 /* APIManager.swift */,
			);
			path = Networking;
			sourceTree = "<group>";
		};
		D8AB3AE02381777300180A43 /* Entities */ = {
			isa = PBXGroup;
			children = (
				D8AB3AE12381777E00180A43 /* Article.swift */,
				D8AB3AE32381778800180A43 /* Sources.swift */,
			);
			path = Entities;
			sourceTree = "<group>";
		};
		D8AB3AE523817C8400180A43 /* Views */ = {
			isa = PBXGroup;
			children = (
				D8AB3AE623817C8B00180A43 /* Sources */,
			);
			path = Views;
			sourceTree = "<group>";
		};
		D8AB3AE623817C8B00180A43 /* Sources */ = {
			isa = PBXGroup;
			children = (
				D8AB3AE723817D0500180A43 /* ViewModel */,
				D83623C52381707E006807BF /* SourcesView.swift */,
			);
			path = Sources;
			sourceTree = "<group>";
		};
		D8AB3AE723817D0500180A43 /* ViewModel */ = {
			isa = PBXGroup;
			children = (
				D8AB3AE923817D2B00180A43 /* SourcesViewModel.swift */,
				D8AB3AEB2381808700180A43 /* SourcesListViewModel.swift */,
			);
			path = ViewModel;
			sourceTree = "<group>";
		};
		D8D4F43D238582A1001825FE /* UIViewRepresentable */ = {
			isa = PBXGroup;
			children = (
				D8D4F43E238582BC001825FE /* ActivityIndicator.swift */,
				D8D4F440238583CA001825FE /* ActivityIndicatorView.swift */,
			);
			path = UIViewRepresentable;
			sourceTree = "<group>";
		};
/* End PBXGroup section */

/* Begin PBXNativeTarget section */
		D83623BD2381707E006807BF /* NewsAppMVVM */ = {
			isa = PBXNativeTarget;
			buildConfigurationList = D83623D223817084006807BF /* Build configuration list for PBXNativeTarget "NewsAppMVVM" */;
			buildPhases = (
				4800D84C72E05B8D159AA8C4 /* [CP] Check Pods Manifest.lock */,
				D83623BA2381707E006807BF /* Sources */,
				D83623BB2381707E006807BF /* Frameworks */,
				D83623BC2381707E006807BF /* Resources */,
			);
			buildRules = (
			);
			dependencies = (
			);
			name = NewsAppMVVM;
			productName = NewsAppMVVM;
			productReference = D83623BE2381707E006807BF /* NewsAppMVVM.app */;
			productType = "com.apple.product-type.application";
		};
/* End PBXNativeTarget section */

/* Begin PBXProject section */
		D83623B62381707E006807BF /* Project object */ = {
			isa = PBXProject;
			attributes = {
				LastSwiftUpdateCheck = 1110;
				LastUpgradeCheck = 1110;
				ORGANIZATIONNAME = "Laurynas Letkauskas";
				TargetAttributes = {
					D83623BD2381707E006807BF = {
						CreatedOnToolsVersion = 11.1;
					};
				};
			};
			buildConfigurationList = D83623B92381707E006807BF /* Build configuration list for PBXProject "NewsAppMVVM" */;
			compatibilityVersion = "Xcode 9.3";
			developmentRegion = en;
			hasScannedForEncodings = 0;
			knownRegions = (
				en,
				Base,
			);
			mainGroup = D83623B52381707E006807BF;
			productRefGroup = D83623BF2381707E006807BF /* Products */;
			projectDirPath = "";
			projectRoot = "";
			targets = (
				D83623BD2381707E006807BF /* NewsAppMVVM */,
			);
		};
/* End PBXProject section */

/* Begin PBXResourcesBuildPhase section */
		D83623BC2381707E006807BF /* Resources */ = {
			isa = PBXResourcesBuildPhase;
			buildActionMask = 2147483647;
			files = (
				D83623CE23817084006807BF /* LaunchScreen.storyboard in Resources */,
				D83623CB23817083006807BF /* Preview Assets.xcassets in Resources */,
				D83623C823817083006807BF /* Assets.xcassets in Resources */,
			);
			runOnlyForDeploymentPostprocessing = 0;
		};
/* End PBXResourcesBuildPhase section */

/* Begin PBXShellScriptBuildPhase section */
		4800D84C72E05B8D159AA8C4 /* [CP] Check Pods Manifest.lock */ = {
			isa = PBXShellScriptBuildPhase;
			buildActionMask = 2147483647;
			files = (
			);
			inputFileListPaths = (
			);
			inputPaths = (
				"${PODS_PODFILE_DIR_PATH}/Podfile.lock",
				"${PODS_ROOT}/Manifest.lock",
			);
			name = "[CP] Check Pods Manifest.lock";
			outputFileListPaths = (
			);
			outputPaths = (
				"$(DERIVED_FILE_DIR)/Pods-NewsAppMVVM-checkManifestLockResult.txt",
			);
			runOnlyForDeploymentPostprocessing = 0;
			shellPath = /bin/sh;
			shellScript = "diff \"${PODS_PODFILE_DIR_PATH}/Podfile.lock\" \"${PODS_ROOT}/Manifest.lock\" > /dev/null\nif [ $? != 0 ] ; then\n    # print error to STDERR\n    echo \"error: The sandbox is not in sync with the Podfile.lock. Run 'pod install' or update your CocoaPods installation.\" >&2\n    exit 1\nfi\n# This output is used by Xcode 'outputs' to avoid re-running this script phase.\necho \"SUCCESS\" > \"${SCRIPT_OUTPUT_FILE_0}\"\n";
			showEnvVarsInLog = 0;
		};
/* End PBXShellScriptBuildPhase section */

/* Begin PBXSourcesBuildPhase section */
		D83623BA2381707E006807BF /* Sources */ = {
			isa = PBXSourcesBuildPhase;
			buildActionMask = 2147483647;
			files = (
				D8AB3AE42381778800180A43 /* Sources.swift in Sources */,
				D8D4F441238583CA001825FE /* ActivityIndicatorView.swift in Sources */,
				D8AB3AEC2381808700180A43 /* SourcesListViewModel.swift in Sources */,
				D8AB3ADF2381772600180A43 /* APIManager.swift in Sources */,
				D83623C22381707E006807BF /* AppDelegate.swift in Sources */,
				D83623C42381707E006807BF /* SceneDelegate.swift in Sources */,
				D83623C62381707E006807BF /* SourcesView.swift in Sources */,
				D8AB3AEA23817D2B00180A43 /* SourcesViewModel.swift in Sources */,
				D8D4F43F238582BC001825FE /* ActivityIndicator.swift in Sources */,
				D8AB3AE22381777E00180A43 /* Article.swift in Sources */,
			);
			runOnlyForDeploymentPostprocessing = 0;
		};
/* End PBXSourcesBuildPhase section */

/* Begin PBXVariantGroup section */
		D83623CC23817084006807BF /* LaunchScreen.storyboard */ = {
			isa = PBXVariantGroup;
			children = (
				D83623CD23817084006807BF /* Base */,
			);
			name = LaunchScreen.storyboard;
			sourceTree = "<group>";
		};
/* End PBXVariantGroup section */

/* Begin XCBuildConfiguration section */
		D83623D023817084006807BF /* Debug */ = {
			isa = XCBuildConfiguration;
			buildSettings = {
				ALWAYS_SEARCH_USER_PATHS = NO;
				CLANG_ANALYZER_NONNULL = YES;
				CLANG_ANALYZER_NUMBER_OBJECT_CONVERSION = YES_AGGRESSIVE;
				CLANG_CXX_LANGUAGE_STANDARD = "gnu++14";
				CLANG_CXX_LIBRARY = "libc++";
				CLANG_ENABLE_MODULES = YES;
				CLANG_ENABLE_OBJC_ARC = YES;
				CLANG_ENABLE_OBJC_WEAK = YES;
				CLANG_WARN_BLOCK_CAPTURE_AUTORELEASING = YES;
				CLANG_WARN_BOOL_CONVERSION = YES;
				CLANG_WARN_COMMA = YES;
				CLANG_WARN_CONSTANT_CONVERSION = YES;
				CLANG_WARN_DEPRECATED_OBJC_IMPLEMENTATIONS = YES;
				CLANG_WARN_DIRECT_OBJC_ISA_USAGE = YES_ERROR;
				CLANG_WARN_DOCUMENTATION_COMMENTS = YES;
				CLANG_WARN_EMPTY_BODY = YES;
				CLANG_WARN_ENUM_CONVERSION = YES;
				CLANG_WARN_INFINITE_RECURSION = YES;
				CLANG_WARN_INT_CONVERSION = YES;
				CLANG_WARN_NON_LITERAL_NULL_CONVERSION = YES;
				CLANG_WARN_OBJC_IMPLICIT_RETAIN_SELF = YES;
				CLANG_WARN_OBJC_LITERAL_CONVERSION = YES;
				CLANG_WARN_OBJC_ROOT_CLASS = YES_ERROR;
				CLANG_WARN_RANGE_LOOP_ANALYSIS = YES;
				CLANG_WARN_STRICT_PROTOTYPES = YES;
				CLANG_WARN_SUSPICIOUS_MOVE = YES;
				CLANG_WARN_UNGUARDED_AVAILABILITY = YES_AGGRESSIVE;
				CLANG_WARN_UNREACHABLE_CODE = YES;
				CLANG_WARN__DUPLICATE_METHOD_MATCH = YES;
				COPY_PHASE_STRIP = NO;
				DEBUG_INFORMATION_FORMAT = dwarf;
				ENABLE_STRICT_OBJC_MSGSEND = YES;
				ENABLE_TESTABILITY = YES;
				GCC_C_LANGUAGE_STANDARD = gnu11;
				GCC_DYNAMIC_NO_PIC = NO;
				GCC_NO_COMMON_BLOCKS = YES;
				GCC_OPTIMIZATION_LEVEL = 0;
				GCC_PREPROCESSOR_DEFINITIONS = (
					"DEBUG=1",
					"$(inherited)",
				);
				GCC_WARN_64_TO_32_BIT_CONVERSION = YES;
				GCC_WARN_ABOUT_RETURN_TYPE = YES_ERROR;
				GCC_WARN_UNDECLARED_SELECTOR = YES;
				GCC_WARN_UNINITIALIZED_AUTOS = YES_AGGRESSIVE;
				GCC_WARN_UNUSED_FUNCTION = YES;
				GCC_WARN_UNUSED_VARIABLE = YES;
				IPHONEOS_DEPLOYMENT_TARGET = 13.1;
				MTL_ENABLE_DEBUG_INFO = INCLUDE_SOURCE;
				MTL_FAST_MATH = YES;
				ONLY_ACTIVE_ARCH = YES;
				SDKROOT = iphoneos;
				SWIFT_ACTIVE_COMPILATION_CONDITIONS = DEBUG;
				SWIFT_OPTIMIZATION_LEVEL = "-Onone";
			};
			name = Debug;
		};
		D83623D123817084006807BF /* Release */ = {
			isa = XCBuildConfiguration;
			buildSettings = {
				ALWAYS_SEARCH_USER_PATHS = NO;
				CLANG_ANALYZER_NONNULL = YES;
				CLANG_ANALYZER_NUMBER_OBJECT_CONVERSION = YES_AGGRESSIVE;
				CLANG_CXX_LANGUAGE_STANDARD = "gnu++14";
				CLANG_CXX_LIBRARY = "libc++";
				CLANG_ENABLE_MODULES = YES;
				CLANG_ENABLE_OBJC_ARC = YES;
				CLANG_ENABLE_OBJC_WEAK = YES;
				CLANG_WARN_BLOCK_CAPTURE_AUTORELEASING = YES;
				CLANG_WARN_BOOL_CONVERSION = YES;
				CLANG_WARN_COMMA = YES;
				CLANG_WARN_CONSTANT_CONVERSION = YES;
				CLANG_WARN_DEPRECATED_OBJC_IMPLEMENTATIONS = YES;
				CLANG_WARN_DIRECT_OBJC_ISA_USAGE = YES_ERROR;
				CLANG_WARN_DOCUMENTATION_COMMENTS = YES;
				CLANG_WARN_EMPTY_BODY = YES;
				CLANG_WARN_ENUM_CONVERSION = YES;
				CLANG_WARN_INFINITE_RECURSION = YES;
				CLANG_WARN_INT_CONVERSION = YES;
				CLANG_WARN_NON_LITERAL_NULL_CONVERSION = YES;
				CLANG_WARN_OBJC_IMPLICIT_RETAIN_SELF = YES;
				CLANG_WARN_OBJC_LITERAL_CONVERSION = YES;
				CLANG_WARN_OBJC_ROOT_CLASS = YES_ERROR;
				CLANG_WARN_RANGE_LOOP_ANALYSIS = YES;
				CLANG_WARN_STRICT_PROTOTYPES = YES;
				CLANG_WARN_SUSPICIOUS_MOVE = YES;
				CLANG_WARN_UNGUARDED_AVAILABILITY = YES_AGGRESSIVE;
				CLANG_WARN_UNREACHABLE_CODE = YES;
				CLANG_WARN__DUPLICATE_METHOD_MATCH = YES;
				COPY_PHASE_STRIP = NO;
				DEBUG_INFORMATION_FORMAT = "dwarf-with-dsym";
				ENABLE_NS_ASSERTIONS = NO;
				ENABLE_STRICT_OBJC_MSGSEND = YES;
				GCC_C_LANGUAGE_STANDARD = gnu11;
				GCC_NO_COMMON_BLOCKS = YES;
				GCC_WARN_64_TO_32_BIT_CONVERSION = YES;
				GCC_WARN_ABOUT_RETURN_TYPE = YES_ERROR;
				GCC_WARN_UNDECLARED_SELECTOR = YES;
				GCC_WARN_UNINITIALIZED_AUTOS = YES_AGGRESSIVE;
				GCC_WARN_UNUSED_FUNCTION = YES;
				GCC_WARN_UNUSED_VARIABLE = YES;
				IPHONEOS_DEPLOYMENT_TARGET = 13.1;
				MTL_ENABLE_DEBUG_INFO = NO;
				MTL_FAST_MATH = YES;
				SDKROOT = iphoneos;
				SWIFT_COMPILATION_MODE = wholemodule;
				SWIFT_OPTIMIZATION_LEVEL = "-O";
				VALIDATE_PRODUCT = YES;
			};
			name = Release;
		};
		D83623D323817084006807BF /* Debug */ = {
			isa = XCBuildConfiguration;
			baseConfigurationReference = 9CB6541A840098DCB6B4C128 /* Pods-NewsAppMVVM.debug.xcconfig */;
			buildSettings = {
				ASSETCATALOG_COMPILER_APPICON_NAME = AppIcon;
				CODE_SIGN_STYLE = Automatic;
				DEVELOPMENT_ASSET_PATHS = "\"NewsAppMVVM/Preview Content\"";
				DEVELOPMENT_TEAM = 42P4UUSCJX;
				ENABLE_PREVIEWS = YES;
				INFOPLIST_FILE = NewsAppMVVM/Info.plist;
				LD_RUNPATH_SEARCH_PATHS = (
					"$(inherited)",
					"@executable_path/Frameworks",
				);
				PRODUCT_BUNDLE_IDENTIFIER = com.Lentex.NewsAppMVVM;
				PRODUCT_NAME = "$(TARGET_NAME)";
				SWIFT_VERSION = 5.0;
				TARGETED_DEVICE_FAMILY = "1,2";
			};
			name = Debug;
		};
		D83623D423817084006807BF /* Release */ = {
			isa = XCBuildConfiguration;
			baseConfigurationReference = BE945BBD857841CE0F76F790 /* Pods-NewsAppMVVM.release.xcconfig */;
			buildSettings = {
				ASSETCATALOG_COMPILER_APPICON_NAME = AppIcon;
				CODE_SIGN_STYLE = Automatic;
				DEVELOPMENT_ASSET_PATHS = "\"NewsAppMVVM/Preview Content\"";
				DEVELOPMENT_TEAM = 42P4UUSCJX;
				ENABLE_PREVIEWS = YES;
				INFOPLIST_FILE = NewsAppMVVM/Info.plist;
				LD_RUNPATH_SEARCH_PATHS = (
					"$(inherited)",
					"@executable_path/Frameworks",
				);
				PRODUCT_BUNDLE_IDENTIFIER = com.Lentex.NewsAppMVVM;
				PRODUCT_NAME = "$(TARGET_NAME)";
				SWIFT_VERSION = 5.0;
				TARGETED_DEVICE_FAMILY = "1,2";
			};
			name = Release;
		};
/* End XCBuildConfiguration section */

/* Begin XCConfigurationList section */
		D83623B92381707E006807BF /* Build configuration list for PBXProject "NewsAppMVVM" */ = {
			isa = XCConfigurationList;
			buildConfigurations = (
				D83623D023817084006807BF /* Debug */,
				D83623D123817084006807BF /* Release */,
			);
			defaultConfigurationIsVisible = 0;
			defaultConfigurationName = Release;
		};
		D83623D223817084006807BF /* Build configuration list for PBXNativeTarget "NewsAppMVVM" */ = {
			isa = XCConfigurationList;
			buildConfigurations = (
				D83623D323817084006807BF /* Debug */,
				D83623D423817084006807BF /* Release */,
			);
			defaultConfigurationIsVisible = 0;
			defaultConfigurationName = Release;
		};
/* End XCConfigurationList section */
	};
	rootObject = D83623B62381707E006807BF /* Project object */;
}
